<?xml version="1.0" encoding="utf-8"?>
<Project ToolsVersion="4.0" xmlns="http://schemas.microsoft.com/developer/msbuild/2003">
  <ItemGroup>
    <Filter Include="Source Files">
      <UniqueIdentifier>{4FC737F1-C7A5-4376-A066-2A32D752A2FF}</UniqueIdentifier>
      <Extensions>cpp;c;cc;cxx;def;odl;idl;hpj;bat;asm;asmx</Extensions>
    </Filter>
    <Filter Include="Header Files">
      <UniqueIdentifier>{93995380-89BD-4b04-88EB-625FBE52EBFB}</UniqueIdentifier>
      <Extensions>h;hpp;hxx;hm;inl;inc;xsd</Extensions>
    </Filter>
    <Filter Include="Resource Files">
      <UniqueIdentifier>{67DA6AB6-F800-4c08-8B7A-83BB121AAD01}</UniqueIdentifier>
      <Extensions>rc;ico;cur;bmp;dlg;rc2;rct;bin;rgs;gif;jpg;jpeg;jpe;resx;tiff;tif;png;wav</Extensions>
    </Filter>
    <Filter Include="EZLCDWrapperFiles">
      <UniqueIdentifier>{895e824f-78ab-4d72-916d-54d7352c153e}</UniqueIdentifier>
    </Filter>
    <Filter Include="Shared">
      <UniqueIdentifier>{0385300f-3efa-4a1f-a329-f317b0ba3c14}</UniqueIdentifier>
    </Filter>
    <Filter Include="Shared\LCDUI">
      <UniqueIdentifier>{d2c623d8-337f-4080-9bf4-c3fa4bd85e10}</UniqueIdentifier>
    </Filter>
    <Filter Include="Shared\LCDUI\Include">
      <UniqueIdentifier>{48a88d98-f26f-4710-89cf-527393fab40f}</UniqueIdentifier>
    </Filter>
    <Filter Include="Shared\LCDUI\Src">
      <UniqueIdentifier>{8934e981-7ff4-47f3-8499-75f37b66e808}</UniqueIdentifier>
    </Filter>
  </ItemGroup>
  <ItemGroup>
    <ClCompile Include="Bitmap.cpp">
      <Filter>Source Files</Filter>
    </ClCompile>
    <ClCompile Include="ColorAndMono.cpp">
      <Filter>Source Files</Filter>
    </ClCompile>
    <ClCompile Include="ColorAndMonoDlg.cpp">
      <Filter>Source Files</Filter>
    </ClCompile>
    <ClCompile Include="ExtraTester.cpp">
      <Filter>Source Files</Filter>
    </ClCompile>
    <ClCompile Include="stdafx.cpp">
      <Filter>Source Files</Filter>
    </ClCompile>
    <ClCompile Include="Src\LCDUI\LCDAnimatedBitmap.cpp">
      <Filter>Shared\LCDUI\Src</Filter>
    </ClCompile>
    <ClCompile Include="Src\LCDUI\LCDBase.cpp">
      <Filter>Shared\LCDUI\Src</Filter>
    </ClCompile>
    <ClCompile Include="Src\LCDUI\LCDBitmap.cpp">
      <Filter>Shared\LCDUI\Src</Filter>
    </ClCompile>
    <ClCompile Include="Src\LCDUI\LCDCollection.cpp">
      <Filter>Shared\LCDUI\Src</Filter>
    </ClCompile>
    <ClCompile Include="Src\LCDUI\LCDColorProgressBar.cpp">
      <Filter>Shared\LCDUI\Src</Filter>
    </ClCompile>
    <ClCompile Include="Src\LCDUI\LCDColorText.cpp">
      <Filter>Shared\LCDUI\Src</Filter>
    </ClCompile>
    <ClCompile Include="Src\LCDUI\LCDConnection.cpp">
      <Filter>Shared\LCDUI\Src</Filter>
    </ClCompile>
    <ClCompile Include="Src\LCDUI\LCDGfxBase.cpp">
      <Filter>Shared\LCDUI\Src</Filter>
    </ClCompile>
    <ClCompile Include="Src\LCDUI\LCDGfxColor.cpp">
      <Filter>Shared\LCDUI\Src</Filter>
    </ClCompile>
    <ClCompile Include="Src\LCDUI\LCDGfxMono.cpp">
      <Filter>Shared\LCDUI\Src</Filter>
    </ClCompile>
    <ClCompile Include="Src\LCDUI\LCDIcon.cpp">
      <Filter>Shared\LCDUI\Src</Filter>
    </ClCompile>
    <ClCompile Include="Src\LCDUI\LCDOutput.cpp">
      <Filter>Shared\LCDUI\Src</Filter>
    </ClCompile>
    <ClCompile Include="Src\LCDUI\LCDPage.cpp">
      <Filter>Shared\LCDUI\Src</Filter>
    </ClCompile>
    <ClCompile Include="Src\LCDUI\LCDPaginateText.cpp">
      <Filter>Shared\LCDUI\Src</Filter>
    </ClCompile>
    <ClCompile Include="Src\LCDUI\LCDPopup.cpp">
      <Filter>Shared\LCDUI\Src</Filter>
    </ClCompile>
    <ClCompile Include="Src\LCDUI\LCDProgressBar.cpp">
      <Filter>Shared\LCDUI\Src</Filter>
    </ClCompile>
    <ClCompile Include="Src\LCDUI\LCDScrollingText.cpp">
      <Filter>Shared\LCDUI\Src</Filter>
    </ClCompile>
    <ClCompile Include="Src\LCDUI\LCDSkinnedProgressBar.cpp">
      <Filter>Shared\LCDUI\Src</Filter>
    </ClCompile>
    <ClCompile Include="Src\LCDUI\LCDStreamingText.cpp">
      <Filter>Shared\LCDUI\Src</Filter>
    </ClCompile>
    <ClCompile Include="Src\LCDUI\LCDText.cpp">
      <Filter>Shared\LCDUI\Src</Filter>
    </ClCompile>
    <ClCompile Include="Src\EZ_LCD.cpp">
      <Filter>EZLCDWrapperFiles</Filter>
    </ClCompile>
    <ClCompile Include="Src\EZ_LCD_Page.cpp">
      <Filter>EZLCDWrapperFiles</Filter>
    </ClCompile>
  </ItemGroup>
  <ItemGroup>
    <ClInclude Include="Bitmap.h">
      <Filter>Header Files</Filter>
    </ClInclude>
    <ClInclude Include="ColorAndMono.h">
      <Filter>Header Files</Filter>
    </ClInclude>
    <ClInclude Include="ColorAndMonoDlg.h">
      <Filter>Header Files</Filter>
    </ClInclude>
    <ClInclude Include="ExtraTester.h">
      <Filter>Header Files</Filter>
    </ClInclude>
    <ClInclude Include="Resource.h">
      <Filter>Header Files</Filter>
    </ClInclude>
    <ClInclude Include="stdafx.h">
      <Filter>Header Files</Filter>
    </ClInclude>
    <ClInclude Include="Src\LCDUI\LCDAnimatedBitmap.h">
      <Filter>Shared\LCDUI\Include</Filter>
    </ClInclude>
    <ClInclude Include="Src\LCDUI\LCDBase.h">
      <Filter>Shared\LCDUI\Include</Filter>
    </ClInclude>
    <ClInclude Include="Src\LCDUI\LCDBitmap.h">
      <Filter>Shared\LCDUI\Include</Filter>
    </ClInclude>
    <ClInclude Include="Src\LCDUI\LCDCollection.h">
      <Filter>Shared\LCDUI\Include</Filter>
    </ClInclude>
    <ClInclude Include="Src\LCDUI\LCDColorProgressBar.h">
      <Filter>Shared\LCDUI\Include</Filter>
    </ClInclude>
    <ClInclude Include="Src\LCDUI\LCDColorText.h">
      <Filter>Shared\LCDUI\Include</Filter>
    </ClInclude>
    <ClInclude Include="Src\LCDUI\LCDConnection.h">
      <Filter>Shared\LCDUI\Include</Filter>
    </ClInclude>
    <ClInclude Include="Src\LCDUI\LCDGfxBase.h">
      <Filter>Shared\LCDUI\Include</Filter>
    </ClInclude>
    <ClInclude Include="Src\LCDUI\LCDGfxColor.h">
      <Filter>Shared\LCDUI\Include</Filter>
    </ClInclude>
    <ClInclude Include="Src\LCDUI\LCDGfxMono.h">
      <Filter>Shared\LCDUI\Include</Filter>
    </ClInclude>
    <ClInclude Include="Src\LCDUI\LCDIcon.h">
      <Filter>Shared\LCDUI\Include</Filter>
    </ClInclude>
    <ClInclude Include="Src\LCDUI\LCDOutput.h">
      <Filter>Shared\LCDUI\Include</Filter>
    </ClInclude>
    <ClInclude Include="Src\LCDUI\LCDPage.h">
      <Filter>Shared\LCDUI\Include</Filter>
    </ClInclude>
    <ClInclude Include="Src\LCDUI\LCDPaginateText.h">
      <Filter>Shared\LCDUI\Include</Filter>
    </ClInclude>
    <ClInclude Include="Src\LCDUI\LCDPopup.h">
      <Filter>Shared\LCDUI\Include</Filter>
    </ClInclude>
    <ClInclude Include="Src\LCDUI\LCDProgressBar.h">
      <Filter>Shared\LCDUI\Include</Filter>
    </ClInclude>
    <ClInclude Include="Src\LCDUI\LCDScrollingText.h">
      <Filter>Shared\LCDUI\Include</Filter>
    </ClInclude>
    <ClInclude Include="Src\LCDUI\LCDSkinnedProgressBar.h">
      <Filter>Shared\LCDUI\Include</Filter>
    </ClInclude>
    <ClInclude Include="Src\LCDUI\LCDStreamingText.h">
      <Filter>Shared\LCDUI\Include</Filter>
    </ClInclude>
    <ClInclude Include="Src\LCDUI\LCDText.h">
      <Filter>Shared\LCDUI\Include</Filter>
    </ClInclude>
    <ClInclude Include="Src\LCDUI\LCDUI.h">
      <Filter>Shared\LCDUI\Include</Filter>
    </ClInclude>
    <ClInclude Include="Src\lglcd.h">
      <Filter>Shared\LCDUI\Include</Filter>
    </ClInclude>
    <ClInclude Include="Src\EZ_LCD.h">
      <Filter>EZLCDWrapperFiles</Filter>
    </ClInclude>
    <ClInclude Include="Src\EZ_LCD_Defines.h">
      <Filter>EZLCDWrapperFiles</Filter>
    </ClInclude>
    <ClInclude Include="Src\EZ_LCD_Page.h">
      <Filter>EZLCDWrapperFiles</Filter>
    </ClInclude>
  </ItemGroup>
  <ItemGroup>
    <Image Include="res\ColorAndMono.ico">
      <Filter>Resource Files</Filter>
    </Image>
    <Image Include="res\highlight.png">
      <Filter>Resource Files</Filter>
    </Image>
    <Image Include="res\icon_next_24.png">
      <Filter>Resource Files</Filter>
    </Image>
    <Image Include="res\icon_previous_24.png">
      <Filter>Resource Files</Filter>
    </Image>
    <Image Include="res\logitech_logo.bmp">
      <Filter>Resource Files</Filter>
    </Image>
    <Image Include="res\logitech_logo_light.png">
      <Filter>Resource Files</Filter>
    </Image>
    <Image Include="res\Logitech_logo_small - Copy.png">
      <Filter>Resource Files</Filter>
    </Image>
    <Image Include="res\Logitech_logo_small.png">
      <Filter>Resource Files</Filter>
    </Image>
    <Image Include="res\next.ico">
      <Filter>Resource Files</Filter>
    </Image>
    <Image Include="res\volume_slider_base.png">
      <Filter>Resource Files</Filter>
    </Image>
    <Image Include="res\volume_slider_base2.png">
      <Filter>Resource Files</Filter>
    </Image>
    <Image Include="res\volume_slider_hilite.png">
      <Filter>Resource Files</Filter>
    </Image>
    <Image Include="res\volume_slider_hilite2.png">
      <Filter>Resource Files</Filter>
    </Image>
    <Image Include="res\volume_slider_left.png">
      <Filter>Resource Files</Filter>
    </Image>
    <Image Include="res\volume_slider_mid.png">
      <Filter>Resource Files</Filter>
    </Image>
    <Image Include="res\volume_slider_right.png">
      <Filter>Resource Files</Filter>
    </Image>
  </ItemGroup>
  <ItemGroup>
    <ResourceCompile Include="ColorAndMono.rc">
      <Filter>Resource Files</Filter>
    </ResourceCompile>
  </ItemGroup>
  <ItemGroup>
    <None Include="res\ColorAndMono.rc2">
      <Filter>Resource Files</Filter>
    </None>
  </ItemGroup>
</Project>