<?xml version="1.0" encoding="utf-8"?>
<Project ToolsVersion="4.0" xmlns="http://schemas.microsoft.com/developer/msbuild/2003">
  <ItemGroup>
    <Filter Include="Source Files">
      <UniqueIdentifier>{4FC737F1-C7A5-4376-A066-2A32D752A2FF}</UniqueIdentifier>
      <Extensions>cpp;cxx;c;def</Extensions>
    </Filter>
    <Filter Include="Header Files">
      <UniqueIdentifier>{93995380-89BD-4b04-88EB-625FBE52EBFB}</UniqueIdentifier>
      <Extensions>h</Extensions>
    </Filter>
    <Filter Include="Form Files">
      <UniqueIdentifier>{99349809-55BA-4b9d-BF79-8FDBB0286EB3}</UniqueIdentifier>
      <Extensions>ui</Extensions>
    </Filter>
    <Filter Include="Resource Files">
      <UniqueIdentifier>{D9D6E242-F8AF-46E4-B9FD-80ECBC20BA3E}</UniqueIdentifier>
      <Extensions>qrc;*</Extensions>
      <ParseFiles>false</ParseFiles>
    </Filter>
    <Filter Include="Generated Files">
      <UniqueIdentifier>{71ED8ED8-ACB9-4CE9-BBE1-E00B30144E11}</UniqueIdentifier>
      <Extensions>moc;h;cpp</Extensions>
      <SourceControlFiles>False</SourceControlFiles>
    </Filter>
    <Filter Include="Generated Files\Debug">
      <UniqueIdentifier>{2ea7580a-160a-49dd-871a-e3e27d4fb93b}</UniqueIdentifier>
      <Extensions>cpp;moc</Extensions>
      <SourceControlFiles>False</SourceControlFiles>
    </Filter>
    <Filter Include="Generated Files\Release">
      <UniqueIdentifier>{16c09b27-d1ae-469d-b85d-42a0432610a4}</UniqueIdentifier>
      <Extensions>cpp;moc</Extensions>
      <SourceControlFiles>False</SourceControlFiles>
    </Filter>
    <Filter Include="external">
      <UniqueIdentifier>{497c24f3-0a62-4175-8201-5ff57e565d1e}</UniqueIdentifier>
    </Filter>
    <Filter Include="external\Logitech">
      <UniqueIdentifier>{e7df7239-802b-433b-bea0-d2fae0df84cd}</UniqueIdentifier>
    </Filter>
    <Filter Include="external\Logitech\LCDUI">
      <UniqueIdentifier>{70410b27-5831-47ac-88af-a6099c555a59}</UniqueIdentifier>
    </Filter>
    <Filter Include="external\qtsingleapplication">
      <UniqueIdentifier>{eb473c75-0f5e-44af-bd25-c71b5efe26e4}</UniqueIdentifier>
    </Filter>
    <Filter Include="Screen">
      <UniqueIdentifier>{54717977-7ef8-4dcf-b0ef-8ad14775dda1}</UniqueIdentifier>
    </Filter>
    <Filter Include="Tools">
      <UniqueIdentifier>{765ead6a-bc1d-46fd-b770-d7ed1ea27a01}</UniqueIdentifier>
    </Filter>
    <Filter Include="external\HWiNFO">
      <UniqueIdentifier>{4b02a467-6dd5-4e4f-bb46-d3b174faf0ab}</UniqueIdentifier>
    </Filter>
    <Filter Include="GUI">
      <UniqueIdentifier>{46778ece-ee46-4d33-ba76-659cbb7ebeb3}</UniqueIdentifier>
    </Filter>
    <Filter Include="GUI\ScreenWizard">
      <UniqueIdentifier>{846f1c95-8d9c-43a5-b900-43f1311414dc}</UniqueIdentifier>
    </Filter>
    <Filter Include="external\QCustomPlot">
      <UniqueIdentifier>{1e52628a-1642-4a57-88a1-e65fc20177b1}</UniqueIdentifier>
    </Filter>
  </ItemGroup>
  <ItemGroup>
    <ClCompile Include="main.cpp">
      <Filter>Source Files</Filter>
    </ClCompile>
    <ClCompile Include="GeneratedFiles\qrc_mainwindow.cpp">
      <Filter>Generated Files</Filter>
    </ClCompile>
    <ClCompile Include="Controller.cpp">
      <Filter>Source Files</Filter>
    </ClCompile>
    <ClCompile Include="Logitech.cpp">
      <Filter>Source Files</Filter>
    </ClCompile>
    <ClCompile Include="external\Logitech\EZ_LCD.cpp">
      <Filter>external\Logitech</Filter>
    </ClCompile>
    <ClCompile Include="external\Logitech\EZ_LCD_Page.cpp">
      <Filter>external\Logitech</Filter>
    </ClCompile>
    <ClCompile Include="external\Logitech\LCDUI\LCDAnimatedBitmap.cpp">
      <Filter>external\Logitech\LCDUI</Filter>
    </ClCompile>
    <ClCompile Include="external\Logitech\LCDUI\LCDBase.cpp">
      <Filter>external\Logitech\LCDUI</Filter>
    </ClCompile>
    <ClCompile Include="external\Logitech\LCDUI\LCDBitmap.cpp">
      <Filter>external\Logitech\LCDUI</Filter>
    </ClCompile>
    <ClCompile Include="external\Logitech\LCDUI\LCDCollection.cpp">
      <Filter>external\Logitech\LCDUI</Filter>
    </ClCompile>
    <ClCompile Include="external\Logitech\LCDUI\LCDColorProgressBar.cpp">
      <Filter>external\Logitech\LCDUI</Filter>
    </ClCompile>
    <ClCompile Include="external\Logitech\LCDUI\LCDColorText.cpp">
      <Filter>external\Logitech\LCDUI</Filter>
    </ClCompile>
    <ClCompile Include="external\Logitech\LCDUI\LCDConnection.cpp">
      <Filter>external\Logitech\LCDUI</Filter>
    </ClCompile>
    <ClCompile Include="external\Logitech\LCDUI\LCDGfxBase.cpp">
      <Filter>external\Logitech\LCDUI</Filter>
    </ClCompile>
    <ClCompile Include="external\Logitech\LCDUI\LCDGfxColor.cpp">
      <Filter>external\Logitech\LCDUI</Filter>
    </ClCompile>
    <ClCompile Include="external\Logitech\LCDUI\LCDGfxMono.cpp">
      <Filter>external\Logitech\LCDUI</Filter>
    </ClCompile>
    <ClCompile Include="external\Logitech\LCDUI\LCDIcon.cpp">
      <Filter>external\Logitech\LCDUI</Filter>
    </ClCompile>
    <ClCompile Include="external\Logitech\LCDUI\LCDOutput.cpp">
      <Filter>external\Logitech\LCDUI</Filter>
    </ClCompile>
    <ClCompile Include="external\Logitech\LCDUI\LCDPage.cpp">
      <Filter>external\Logitech\LCDUI</Filter>
    </ClCompile>
    <ClCompile Include="external\Logitech\LCDUI\LCDPaginateText.cpp">
      <Filter>external\Logitech\LCDUI</Filter>
    </ClCompile>
    <ClCompile Include="external\Logitech\LCDUI\LCDPopup.cpp">
      <Filter>external\Logitech\LCDUI</Filter>
    </ClCompile>
    <ClCompile Include="external\Logitech\LCDUI\LCDProgressBar.cpp">
      <Filter>external\Logitech\LCDUI</Filter>
    </ClCompile>
    <ClCompile Include="external\Logitech\LCDUI\LCDScrollingText.cpp">
      <Filter>external\Logitech\LCDUI</Filter>
    </ClCompile>
    <ClCompile Include="external\Logitech\LCDUI\LCDSkinnedProgressBar.cpp">
      <Filter>external\Logitech\LCDUI</Filter>
    </ClCompile>
    <ClCompile Include="external\Logitech\LCDUI\LCDStreamingText.cpp">
      <Filter>external\Logitech\LCDUI</Filter>
    </ClCompile>
    <ClCompile Include="external\Logitech\LCDUI\LCDText.cpp">
      <Filter>external\Logitech\LCDUI</Filter>
    </ClCompile>
    <ClCompile Include="Tools\HWiNFO.cpp">
      <Filter>Tools</Filter>
    </ClCompile>
    <ClCompile Include="Tools\WMI.cpp">
      <Filter>Tools</Filter>
    </ClCompile>
    <ClCompile Include="Tools\Data.cpp">
      <Filter>Tools</Filter>
    </ClCompile>
    <ClCompile Include="Defines.cpp">
      <Filter>Source Files</Filter>
    </ClCompile>
    <ClCompile Include="GUI\MainScreenWidget.cpp">
      <Filter>GUI</Filter>
    </ClCompile>
    <ClCompile Include="GUI\SortScreenDialog.cpp">
      <Filter>GUI</Filter>
    </ClCompile>
    <ClCompile Include="GeneratedFiles\Debug\moc_SortScreenDialog.cpp">
      <Filter>Generated Files\Debug</Filter>
    </ClCompile>
    <ClCompile Include="GeneratedFiles\Release\moc_SortScreenDialog.cpp">
      <Filter>Generated Files\Release</Filter>
    </ClCompile>
    <ClCompile Include="GUI\IntroPage.cpp">
      <Filter>GUI\ScreenWizard</Filter>
    </ClCompile>
    <ClCompile Include="GUI\CreateScreenWizard.cpp">
      <Filter>GUI\ScreenWizard</Filter>
    </ClCompile>
    <ClCompile Include="GeneratedFiles\Debug\moc_mainwindow.cpp">
      <Filter>Generated Files\Debug</Filter>
    </ClCompile>
    <ClCompile Include="GeneratedFiles\Release\moc_mainwindow.cpp">
      <Filter>Generated Files\Release</Filter>
    </ClCompile>
    <ClCompile Include="GUI\mainwindow.cpp">
      <Filter>GUI</Filter>
    </ClCompile>
    <ClCompile Include="GeneratedFiles\Debug\moc_IntroPage.cpp">
      <Filter>Generated Files\Debug</Filter>
    </ClCompile>
    <ClCompile Include="GeneratedFiles\Release\moc_IntroPage.cpp">
      <Filter>Generated Files\Release</Filter>
    </ClCompile>
    <ClCompile Include="GUI\ScreenTypePage.cpp">
      <Filter>GUI\ScreenWizard</Filter>
    </ClCompile>
    <ClCompile Include="GeneratedFiles\Debug\moc_ScreenTypePage.cpp">
      <Filter>Generated Files\Debug</Filter>
    </ClCompile>
    <ClCompile Include="GeneratedFiles\Release\moc_ScreenTypePage.cpp">
      <Filter>Generated Files\Release</Filter>
    </ClCompile>
    <ClCompile Include="GUI\DataPage.cpp">
      <Filter>GUI\ScreenWizard</Filter>
    </ClCompile>
    <ClCompile Include="Tools\MonitorTool.cpp">
      <Filter>Tools</Filter>
    </ClCompile>
    <ClCompile Include="GUI\BackgroundPage.cpp">
      <Filter>GUI\ScreenWizard</Filter>
    </ClCompile>
    <ClCompile Include="GeneratedFiles\Debug\moc_BackgroundPage.cpp">
      <Filter>Generated Files\Debug</Filter>
    </ClCompile>
    <ClCompile Include="GeneratedFiles\Release\moc_BackgroundPage.cpp">
      <Filter>Generated Files\Release</Filter>
    </ClCompile>
    <ClCompile Include="GUI\LineEditPage.cpp">
      <Filter>GUI\ScreenWizard</Filter>
    </ClCompile>
    <ClCompile Include="GUI\CustomizePage.cpp">
      <Filter>GUI\ScreenWizard</Filter>
    </ClCompile>
    <ClCompile Include="GeneratedFiles\Debug\moc_CustomizePage.cpp">
      <Filter>Generated Files\Debug</Filter>
    </ClCompile>
    <ClCompile Include="GeneratedFiles\Release\moc_CustomizePage.cpp">
      <Filter>Generated Files\Release</Filter>
    </ClCompile>
    <ClCompile Include="GUI\GraphPage.cpp">
      <Filter>GUI\ScreenWizard</Filter>
    </ClCompile>
    <ClCompile Include="Settings.cpp">
      <Filter>Source Files</Filter>
    </ClCompile>
    <ClCompile Include="GeneratedFiles\Debug\moc_MainScreenWidget.cpp">
      <Filter>Generated Files\Debug</Filter>
    </ClCompile>
    <ClCompile Include="GeneratedFiles\Release\moc_MainScreenWidget.cpp">
      <Filter>Generated Files\Release</Filter>
    </ClCompile>
    <ClCompile Include="GeneratedFiles\Debug\moc_GraphPage.cpp">
      <Filter>Generated Files\Debug</Filter>
    </ClCompile>
    <ClCompile Include="GeneratedFiles\Release\moc_GraphPage.cpp">
      <Filter>Generated Files\Release</Filter>
    </ClCompile>
    <ClCompile Include="GUI\GraphPageLineWidget.cpp">
      <Filter>GUI\ScreenWizard</Filter>
    </ClCompile>
    <ClCompile Include="GeneratedFiles\Debug\moc_GraphPageLineWidget.cpp">
      <Filter>Generated Files\Debug</Filter>
    </ClCompile>
    <ClCompile Include="GeneratedFiles\Release\moc_GraphPageLineWidget.cpp">
      <Filter>Generated Files\Release</Filter>
    </ClCompile>
    <ClCompile Include="GUI\OrderWindow.cpp">
      <Filter>GUI</Filter>
    </ClCompile>
    <ClCompile Include="GeneratedFiles\Debug\moc_OrderWindow.cpp">
      <Filter>Generated Files\Debug</Filter>
    </ClCompile>
    <ClCompile Include="GeneratedFiles\Release\moc_OrderWindow.cpp">
      <Filter>Generated Files\Release</Filter>
    </ClCompile>
    <ClCompile Include="GUI\CustomizePageLineWidget.cpp">
      <Filter>GUI\ScreenWizard</Filter>
    </ClCompile>
    <ClCompile Include="GUI\LineEditPageLineWidget.cpp">
      <Filter>GUI\ScreenWizard</Filter>
    </ClCompile>
    <ClCompile Include="GeneratedFiles\Debug\moc_LineEditPageLineWidget.cpp">
      <Filter>Generated Files\Debug</Filter>
    </ClCompile>
    <ClCompile Include="GeneratedFiles\Release\moc_LineEditPageLineWidget.cpp">
      <Filter>Generated Files\Release</Filter>
    </ClCompile>
    <ClCompile Include="GeneratedFiles\Debug\moc_LineEditPage.cpp">
      <Filter>Generated Files\Debug</Filter>
    </ClCompile>
    <ClCompile Include="GeneratedFiles\Release\moc_LineEditPage.cpp">
      <Filter>Generated Files\Release</Filter>
    </ClCompile>
    <ClCompile Include="Screen\GraphScreen.cpp">
      <Filter>Screen</Filter>
    </ClCompile>
    <ClCompile Include="Screen\NormalScreen.cpp">
      <Filter>Screen</Filter>
    </ClCompile>
    <ClCompile Include="Screen\Screen.cpp">
      <Filter>Screen</Filter>
    </ClCompile>
    <ClCompile Include="Screen\StartScreen.cpp">
      <Filter>Screen</Filter>
    </ClCompile>
    <ClCompile Include="GeneratedFiles\Debug\moc_AppletThread.cpp">
      <Filter>Generated Files\Debug</Filter>
    </ClCompile>
    <ClCompile Include="GeneratedFiles\Release\moc_AppletThread.cpp">
      <Filter>Generated Files\Release</Filter>
    </ClCompile>
    <ClCompile Include="AppletThread.cpp">
      <Filter>Source Files</Filter>
    </ClCompile>
    <ClCompile Include="GeneratedFiles\Debug\moc_CustomizePageLineWidget.cpp">
      <Filter>Generated Files\Debug</Filter>
    </ClCompile>
    <ClCompile Include="GeneratedFiles\Release\moc_CustomizePageLineWidget.cpp">
      <Filter>Generated Files\Release</Filter>
    </ClCompile>
    <ClCompile Include="external\QCustomPlot\qcustomplot.cpp">
      <Filter>external\QCustomPlot</Filter>
    </ClCompile>
    <ClCompile Include="GeneratedFiles\Debug\moc_qcustomplot.cpp">
      <Filter>Generated Files\Debug</Filter>
    </ClCompile>
    <ClCompile Include="GeneratedFiles\Release\moc_qcustomplot.cpp">
      <Filter>Generated Files\Release</Filter>
    </ClCompile>
    <ClCompile Include="GUI\AboutDialog.cpp">
      <Filter>GUI</Filter>
    </ClCompile>
    <ClCompile Include="GeneratedFiles\Debug\moc_AboutDialog.cpp">
      <Filter>Generated Files\Debug</Filter>
    </ClCompile>
    <ClCompile Include="GeneratedFiles\Release\moc_AboutDialog.cpp">
      <Filter>Generated Files\Release</Filter>
    </ClCompile>
    <ClCompile Include="GeneratedFiles\Debug\moc_DataPage.cpp">
      <Filter>Generated Files\Debug</Filter>
    </ClCompile>
    <ClCompile Include="GeneratedFiles\Release\moc_DataPage.cpp">
      <Filter>Generated Files\Release</Filter>
    </ClCompile>
    <ClCompile Include="Screen\LegendScreen.cpp">
      <Filter>Screen</Filter>
    </ClCompile>
    <ClCompile Include="external\QSingleApplication\SingleApplication.cpp">
      <Filter>external\qtsingleapplication</Filter>
    </ClCompile>
    <ClCompile Include="external\QSingleApplication\localserver.cpp">
      <Filter>external\qtsingleapplication</Filter>
    </ClCompile>
    <ClCompile Include="GeneratedFiles\Debug\moc_localserver.cpp">
      <Filter>Generated Files\Debug</Filter>
    </ClCompile>
    <ClCompile Include="GeneratedFiles\Release\moc_localserver.cpp">
      <Filter>Generated Files\Release</Filter>
    </ClCompile>
    <ClCompile Include="GeneratedFiles\Debug\moc_SingleApplication.cpp">
      <Filter>Generated Files\Debug</Filter>
    </ClCompile>
    <ClCompile Include="GeneratedFiles\Release\moc_SingleApplication.cpp">
      <Filter>Generated Files\Release</Filter>
    </ClCompile>
    <ClCompile Include="GeneratedFiles\Debug\moc_Controller.cpp">
      <Filter>Generated Files\Debug</Filter>
    </ClCompile>
    <ClCompile Include="GeneratedFiles\Release\moc_Controller.cpp">
      <Filter>Generated Files\Release</Filter>
    </ClCompile>
  </ItemGroup>
  <ItemGroup>
    <CustomBuild Include="mainwindow.qrc">
      <Filter>Resource Files</Filter>
    </CustomBuild>
    <CustomBuild Include="GUI\mainwindow.ui">
      <Filter>Form Files</Filter>
    </CustomBuild>
    <CustomBuild Include="GUI\MainScreenWidget.ui">
      <Filter>Form Files</Filter>
    </CustomBuild>
    <CustomBuild Include="GUI\MainScreenWidget.h">
      <Filter>GUI</Filter>
    </CustomBuild>
    <CustomBuild Include="GUI\SortScreenDialog.ui">
      <Filter>Form Files</Filter>
    </CustomBuild>
    <CustomBuild Include="GUI\SortScreenDialog.h">
      <Filter>GUI</Filter>
    </CustomBuild>
    <CustomBuild Include="GUI\IntroPageWidget.ui">
      <Filter>Form Files</Filter>
    </CustomBuild>
    <CustomBuild Include="GUI\IntroPage.h">
      <Filter>GUI\ScreenWizard</Filter>
    </CustomBuild>
    <CustomBuild Include="GUI\CreateScreenWizard.h">
      <Filter>GUI\ScreenWizard</Filter>
    </CustomBuild>
    <CustomBuild Include="GUI\mainwindow.h">
      <Filter>GUI</Filter>
    </CustomBuild>
    <CustomBuild Include="GUI\ScreenTypePageWidget.ui">
      <Filter>Form Files</Filter>
    </CustomBuild>
    <CustomBuild Include="GUI\ScreenTypePage.h">
      <Filter>GUI\ScreenWizard</Filter>
    </CustomBuild>
    <CustomBuild Include="GUI\DataPageWidget.ui">
      <Filter>Form Files</Filter>
    </CustomBuild>
    <CustomBuild Include="GUI\DataPage.h">
      <Filter>GUI\ScreenWizard</Filter>
    </CustomBuild>
    <CustomBuild Include="GUI\BackgroundPageWidget.ui">
      <Filter>Form Files</Filter>
    </CustomBuild>
    <CustomBuild Include="GUI\BackgroundPage.h">
      <Filter>GUI\ScreenWizard</Filter>
    </CustomBuild>
    <CustomBuild Include="GUI\LineEditPageWidget.ui">
      <Filter>Form Files</Filter>
    </CustomBuild>
    <CustomBuild Include="GUI\LineEditPage.h">
      <Filter>GUI\ScreenWizard</Filter>
    </CustomBuild>
    <CustomBuild Include="GUI\CustomizePageWidget.ui">
      <Filter>Form Files</Filter>
    </CustomBuild>
    <CustomBuild Include="GUI\CustomizePage.h">
      <Filter>GUI\ScreenWizard</Filter>
    </CustomBuild>
    <CustomBuild Include="GUI\GraphPageWidget.ui">
      <Filter>Form Files</Filter>
    </CustomBuild>
    <CustomBuild Include="GUI\GraphPage.h">
      <Filter>GUI\ScreenWizard</Filter>
    </CustomBuild>
    <CustomBuild Include="GUI\GraphPageLineWidget.ui">
      <Filter>Form Files</Filter>
    </CustomBuild>
    <CustomBuild Include="GUI\GraphPageLineWidget.h">
      <Filter>GUI\ScreenWizard</Filter>
    </CustomBuild>
    <CustomBuild Include="GUI\OrderWindow.ui">
      <Filter>Form Files</Filter>
    </CustomBuild>
    <CustomBuild Include="GUI\OrderWindow.h">
      <Filter>GUI</Filter>
    </CustomBuild>
    <CustomBuild Include="GUI\CustomizePageLineWidget.ui">
      <Filter>Form Files</Filter>
    </CustomBuild>
    <CustomBuild Include="GUI\CustomizePageLineWidget.h">
      <Filter>GUI\ScreenWizard</Filter>
    </CustomBuild>
    <CustomBuild Include="GUI\LineEditPageLineWidget.ui">
      <Filter>Form Files</Filter>
    </CustomBuild>
    <CustomBuild Include="GUI\LineEditPageLineWidget.h">
      <Filter>GUI\ScreenWizard</Filter>
    </CustomBuild>
    <CustomBuild Include="AppletThread.h">
      <Filter>Header Files</Filter>
    </CustomBuild>
    <CustomBuild Include="external\QCustomPlot\qcustomplot.h">
      <Filter>external\QCustomPlot</Filter>
    </CustomBuild>
    <CustomBuild Include="GUI\AboutDialog.ui">
      <Filter>Form Files</Filter>
    </CustomBuild>
    <CustomBuild Include="GUI\AboutDialog.h">
      <Filter>GUI</Filter>
    </CustomBuild>
    <CustomBuild Include="external\QSingleApplication\localserver.h">
      <Filter>external\qtsingleapplication</Filter>
    </CustomBuild>
    <CustomBuild Include="external\QSingleApplication\SingleApplication.h">
      <Filter>external\qtsingleapplication</Filter>
    </CustomBuild>
    <CustomBuild Include="Controller.h">
      <Filter>Header Files</Filter>
    </CustomBuild>
  </ItemGroup>
  <ItemGroup>
    <ClInclude Include="external\Logitech\EZ_LCD.h">
      <Filter>external\Logitech</Filter>
    </ClInclude>
    <ClInclude Include="external\Logitech\EZ_LCD_Defines.h">
      <Filter>external\Logitech</Filter>
    </ClInclude>
    <ClInclude Include="external\Logitech\EZ_LCD_Page.h">
      <Filter>external\Logitech</Filter>
    </ClInclude>
    <ClInclude Include="external\Logitech\lglcd.h">
      <Filter>external\Logitech</Filter>
    </ClInclude>
    <ClInclude Include="external\Logitech\LCDUI\LCDAnimatedBitmap.h">
      <Filter>external\Logitech\LCDUI</Filter>
    </ClInclude>
    <ClInclude Include="external\Logitech\LCDUI\LCDBase.h">
      <Filter>external\Logitech\LCDUI</Filter>
    </ClInclude>
    <ClInclude Include="external\Logitech\LCDUI\LCDBitmap.h">
      <Filter>external\Logitech\LCDUI</Filter>
    </ClInclude>
    <ClInclude Include="external\Logitech\LCDUI\LCDCollection.h">
      <Filter>external\Logitech\LCDUI</Filter>
    </ClInclude>
    <ClInclude Include="external\Logitech\LCDUI\LCDColorProgressBar.h">
      <Filter>external\Logitech\LCDUI</Filter>
    </ClInclude>
    <ClInclude Include="external\Logitech\LCDUI\LCDColorText.h">
      <Filter>external\Logitech\LCDUI</Filter>
    </ClInclude>
    <ClInclude Include="external\Logitech\LCDUI\LCDConnection.h">
      <Filter>external\Logitech\LCDUI</Filter>
    </ClInclude>
    <ClInclude Include="external\Logitech\LCDUI\LCDGfxBase.h">
      <Filter>external\Logitech\LCDUI</Filter>
    </ClInclude>
    <ClInclude Include="external\Logitech\LCDUI\LCDGfxColor.h">
      <Filter>external\Logitech\LCDUI</Filter>
    </ClInclude>
    <ClInclude Include="external\Logitech\LCDUI\LCDGfxMono.h">
      <Filter>external\Logitech\LCDUI</Filter>
    </ClInclude>
    <ClInclude Include="external\Logitech\LCDUI\LCDIcon.h">
      <Filter>external\Logitech\LCDUI</Filter>
    </ClInclude>
    <ClInclude Include="external\Logitech\LCDUI\LCDOutput.h">
      <Filter>external\Logitech\LCDUI</Filter>
    </ClInclude>
    <ClInclude Include="external\Logitech\LCDUI\LCDPage.h">
      <Filter>external\Logitech\LCDUI</Filter>
    </ClInclude>
    <ClInclude Include="external\Logitech\LCDUI\LCDPaginateText.h">
      <Filter>external\Logitech\LCDUI</Filter>
    </ClInclude>
    <ClInclude Include="external\Logitech\LCDUI\LCDPopup.h">
      <Filter>external\Logitech\LCDUI</Filter>
    </ClInclude>
    <ClInclude Include="external\Logitech\LCDUI\LCDProgressBar.h">
      <Filter>external\Logitech\LCDUI</Filter>
    </ClInclude>
    <ClInclude Include="external\Logitech\LCDUI\LCDScrollingText.h">
      <Filter>external\Logitech\LCDUI</Filter>
    </ClInclude>
    <ClInclude Include="external\Logitech\LCDUI\LCDSkinnedProgressBar.h">
      <Filter>external\Logitech\LCDUI</Filter>
    </ClInclude>
    <ClInclude Include="external\Logitech\LCDUI\LCDStreamingText.h">
      <Filter>external\Logitech\LCDUI</Filter>
    </ClInclude>
    <ClInclude Include="external\Logitech\LCDUI\LCDText.h">
      <Filter>external\Logitech\LCDUI</Filter>
    </ClInclude>
    <ClInclude Include="external\Logitech\LCDUI\LCDUI.h">
      <Filter>external\Logitech\LCDUI</Filter>
    </ClInclude>
    <ClInclude Include="Defines.h">
      <Filter>Header Files</Filter>
    </ClInclude>
    <ClInclude Include="GeneratedFiles\ui_mainwindow.h">
      <Filter>Generated Files</Filter>
    </ClInclude>
    <ClInclude Include="Tools\HWiNFO.h">
      <Filter>Tools</Filter>
    </ClInclude>
    <ClInclude Include="Tools\WMI.h">
      <Filter>Tools</Filter>
    </ClInclude>
    <ClInclude Include="external\HWiNFO\hwisenssm2.h">
      <Filter>external\HWiNFO</Filter>
    </ClInclude>
    <ClInclude Include="Tools\Data.h">
      <Filter>Tools</Filter>
    </ClInclude>
    <ClInclude Include="resource.h">
      <Filter>Header Files</Filter>
    </ClInclude>
    <ClInclude Include="GeneratedFiles\ui_MainScreenWidget.h">
      <Filter>Generated Files</Filter>
    </ClInclude>
    <ClInclude Include="GeneratedFiles\ui_SortScreenDialog.h">
      <Filter>Generated Files</Filter>
    </ClInclude>
    <ClInclude Include="GeneratedFiles\ui_IntroPageWidget.h">
      <Filter>Generated Files</Filter>
    </ClInclude>
    <ClInclude Include="GeneratedFiles\ui_ScreenTypePageWidget.h">
      <Filter>Generated Files</Filter>
    </ClInclude>
    <ClInclude Include="GeneratedFiles\ui_DataPageWidget.h">
      <Filter>Generated Files</Filter>
    </ClInclude>
    <ClInclude Include="Tools\MonitorTool.h">
      <Filter>Tools</Filter>
    </ClInclude>
    <ClInclude Include="GeneratedFiles\ui_BackgroundPageWidget.h">
      <Filter>Generated Files</Filter>
    </ClInclude>
    <ClInclude Include="GeneratedFiles\ui_LineEditPageWidget.h">
      <Filter>Generated Files</Filter>
    </ClInclude>
    <ClInclude Include="GeneratedFiles\ui_CustomizePageWidget.h">
      <Filter>Generated Files</Filter>
    </ClInclude>
    <ClInclude Include="Logitech.h">
      <Filter>Header Files</Filter>
    </ClInclude>
    <ClInclude Include="GeneratedFiles\ui_GraphPageWidget.h">
      <Filter>Generated Files</Filter>
    </ClInclude>
    <ClInclude Include="Settings.h">
      <Filter>Header Files</Filter>
    </ClInclude>
    <ClInclude Include="GeneratedFiles\ui_GraphPageLineWidget.h">
      <Filter>Generated Files</Filter>
    </ClInclude>
    <ClInclude Include="GeneratedFiles\ui_OrderWindow.h">
      <Filter>Generated Files</Filter>
    </ClInclude>
    <ClInclude Include="GeneratedFiles\ui_CustomizePageLineWidget.h">
      <Filter>Generated Files</Filter>
    </ClInclude>
    <ClInclude Include="GeneratedFiles\ui_LineEditPageLineWidget.h">
      <Filter>Generated Files</Filter>
    </ClInclude>
    <ClInclude Include="Screen\GraphScreen.h">
      <Filter>Screen</Filter>
    </ClInclude>
    <ClInclude Include="Screen\NormalScreen.h">
      <Filter>Screen</Filter>
    </ClInclude>
    <ClInclude Include="Screen\Screen.h">
      <Filter>Screen</Filter>
    </ClInclude>
    <ClInclude Include="Screen\StartScreen.h">
      <Filter>Screen</Filter>
    </ClInclude>
    <ClInclude Include="GeneratedFiles\ui_AboutDialog.h">
      <Filter>Generated Files</Filter>
    </ClInclude>
    <ClInclude Include="Screen\LegendScreen.h">
      <Filter>Screen</Filter>
    </ClInclude>
    <ClInclude Include="resource1.h">
      <Filter>Header Files</Filter>
    </ClInclude>
  </ItemGroup>
  <ItemGroup>
    <ResourceCompile Include="Hardware Monitor Applet.rc">
      <Filter>Resource Files</Filter>
    </ResourceCompile>
  </ItemGroup>
  <ItemGroup>
    <Image Include="Resources\Logo.ico">
      <Filter>Resource Files</Filter>
    </Image>
  </ItemGroup>
</Project>